// !$*UTF8*$!
{
	archiveVersion = 1;
	classes = {
	};
	objectVersion = 56;
	objects = {

/* Begin PBXBuildFile section */
		260E60EB2C6853B200C19DDE /* EditExerciceCategoryViewModel.swift in Sources */ = {isa = PBXBuildFile; fileRef = 260E60EA2C6853B200C19DDE /* EditExerciceCategoryViewModel.swift */; };
		2615889C2C8F6C7A00D05171 /* ExerciseViewRow.xib in Resources */ = {isa = PBXBuildFile; fileRef = 2615889B2C8F6C7900D05171 /* ExerciseViewRow.xib */; };
		261588A02C8F762300D05171 /* ExerciseTableViewCell.swift in Sources */ = {isa = PBXBuildFile; fileRef = 2615889F2C8F762300D05171 /* ExerciseTableViewCell.swift */; };
		2616AB6A2C435C4D006D4D99 /* SignUpViewController.swift in Sources */ = {isa = PBXBuildFile; fileRef = 2616AB692C435C4D006D4D99 /* SignUpViewController.swift */; };
		261F13642C80F7D40075A401 /* UIViewController+CustomTextFields.swift in Sources */ = {isa = PBXBuildFile; fileRef = 261F13632C80F7D40075A401 /* UIViewController+CustomTextFields.swift */; };
		263440632C4B434E00F9726B /* RegisterUserViewModel.swift in Sources */ = {isa = PBXBuildFile; fileRef = 263440622C4B434E00F9726B /* RegisterUserViewModel.swift */; };
		263440672C4B4B7600F9726B /* UIViewController+CustomAlerts.swift in Sources */ = {isa = PBXBuildFile; fileRef = 263440662C4B4B7600F9726B /* UIViewController+CustomAlerts.swift */; };
		263669132CB6C88400D9E64C /* CurrentUserServiceProtocol.swift in Sources */ = {isa = PBXBuildFile; fileRef = 263669122CB6C87C00D9E64C /* CurrentUserServiceProtocol.swift */; };
		263AB5D72C82BCE0008B7716 /* RegisterExerciseViewModel.swift in Sources */ = {isa = PBXBuildFile; fileRef = 263AB5D62C82BCE0008B7716 /* RegisterExerciseViewModel.swift */; };
		263DDEBE2CB8171C008B5916 /* FirestoreDocumentUtil.swift in Sources */ = {isa = PBXBuildFile; fileRef = 263DDEBD2CB81712008B5916 /* FirestoreDocumentUtil.swift */; };
		263DDEC02CB82681008B5916 /* ExerciseDatabaseProtocol.swift in Sources */ = {isa = PBXBuildFile; fileRef = 263DDEBF2CB82677008B5916 /* ExerciseDatabaseProtocol.swift */; };
		263DDEC22CB827E3008B5916 /* FirestoreExerciseService.swift in Sources */ = {isa = PBXBuildFile; fileRef = 263DDEC12CB827D6008B5916 /* FirestoreExerciseService.swift */; };
		2646086A2C87540C0085E1AA /* EditExerciseViewController.swift in Sources */ = {isa = PBXBuildFile; fileRef = 264608692C87540C0085E1AA /* EditExerciseViewController.swift */; };
		2646086C2C875FA40085E1AA /* EditExerciseViewModel.swift in Sources */ = {isa = PBXBuildFile; fileRef = 2646086B2C875FA40085E1AA /* EditExerciseViewModel.swift */; };
		266324D52C4FF68B006B5096 /* HomeViewModel.swift in Sources */ = {isa = PBXBuildFile; fileRef = 266324D42C4FF68B006B5096 /* HomeViewModel.swift */; };
		269571732C5438040054021B /* HomeService.swift in Sources */ = {isa = PBXBuildFile; fileRef = 269571722C5438040054021B /* HomeService.swift */; };
		269571752C543B660054021B /* CategoryExerciseRequest.swift in Sources */ = {isa = PBXBuildFile; fileRef = 269571742C543B660054021B /* CategoryExerciseRequest.swift */; };
		26A634A02C55C66B004D3937 /* ExerciseRequest.swift in Sources */ = {isa = PBXBuildFile; fileRef = 26A6349F2C55C66B004D3937 /* ExerciseRequest.swift */; };
		26AF93C12C63BEC200C13F6D /* RegisterTypeCategoryViewModel.swift in Sources */ = {isa = PBXBuildFile; fileRef = 26AF93C02C63BEC200C13F6D /* RegisterTypeCategoryViewModel.swift */; };
		26B0C6FF2C7F767B005C1FA9 /* RegisterExerciseViewController.swift in Sources */ = {isa = PBXBuildFile; fileRef = 26B0C6FE2C7F767B005C1FA9 /* RegisterExerciseViewController.swift */; };
		26B1F64F2C6038B10099BF4D /* RegisterTypeCategoryViewController.swift in Sources */ = {isa = PBXBuildFile; fileRef = 26B1F64E2C6038B10099BF4D /* RegisterTypeCategoryViewController.swift */; };
		26B41E5E2CB9767E00599D20 /* ExerciseCategoryService.swift in Sources */ = {isa = PBXBuildFile; fileRef = 26B41E5D2CB9767D00599D20 /* ExerciseCategoryService.swift */; };
		26B41E602CB97B1100599D20 /* ExerciseCatergoryServiceProtocol.swift in Sources */ = {isa = PBXBuildFile; fileRef = 26B41E5F2CB97B0300599D20 /* ExerciseCatergoryServiceProtocol.swift */; };
		26B41E632CB97BF600599D20 /* ExerciseServiceProtocol.swift in Sources */ = {isa = PBXBuildFile; fileRef = 26B41E622CB97BEE00599D20 /* ExerciseServiceProtocol.swift */; };
		26B54E782CB588020012476C /* FirebaseUserService.swift in Sources */ = {isa = PBXBuildFile; fileRef = 26B54E772CB587F30012476C /* FirebaseUserService.swift */; };
		26B54E7A2CB58BBD0012476C /* ErrorUtils.swift in Sources */ = {isa = PBXBuildFile; fileRef = 26B54E792CB58BB50012476C /* ErrorUtils.swift */; };
		26BA178E2C41D47F00E682E5 /* AppDelegate.swift in Sources */ = {isa = PBXBuildFile; fileRef = 26BA178D2C41D47F00E682E5 /* AppDelegate.swift */; };
		26BA17902C41D47F00E682E5 /* SceneDelegate.swift in Sources */ = {isa = PBXBuildFile; fileRef = 26BA178F2C41D47F00E682E5 /* SceneDelegate.swift */; };
		26BA17922C41D47F00E682E5 /* ViewController.swift in Sources */ = {isa = PBXBuildFile; fileRef = 26BA17912C41D47F00E682E5 /* ViewController.swift */; };
		26BA17952C41D47F00E682E5 /* Base in Resources */ = {isa = PBXBuildFile; fileRef = 26BA17942C41D47F00E682E5 /* Base */; };
		26BA17972C41D48000E682E5 /* Assets.xcassets in Resources */ = {isa = PBXBuildFile; fileRef = 26BA17962C41D48000E682E5 /* Assets.xcassets */; };
		26BA179A2C41D48000E682E5 /* Base in Resources */ = {isa = PBXBuildFile; fileRef = 26BA17992C41D48000E682E5 /* Base */; };
		26CCB31A2C7BF99C002FEA4D /* ExerciseViewModel.swift in Sources */ = {isa = PBXBuildFile; fileRef = 26CCB3192C7BF99C002FEA4D /* ExerciseViewModel.swift */; };
		26CCB31C2C7C00F6002FEA4D /* ExerciseCatergoryService.swift in Sources */ = {isa = PBXBuildFile; fileRef = 26CCB31B2C7C00F6002FEA4D /* ExerciseCatergoryService.swift */; };
		26D6FBBD2C704780007F781B /* Montserrat-Black.ttf in Resources */ = {isa = PBXBuildFile; fileRef = 26D6FBA52C704780007F781B /* Montserrat-Black.ttf */; };
		26D6FBBE2C704780007F781B /* Montserrat-BlackItalic.ttf in Resources */ = {isa = PBXBuildFile; fileRef = 26D6FBA62C704780007F781B /* Montserrat-BlackItalic.ttf */; };
		26D6FBBF2C704780007F781B /* Montserrat-Bold.ttf in Resources */ = {isa = PBXBuildFile; fileRef = 26D6FBA72C704780007F781B /* Montserrat-Bold.ttf */; };
		26D6FBC12C704780007F781B /* Montserrat-ExtraBold.ttf in Resources */ = {isa = PBXBuildFile; fileRef = 26D6FBA92C704780007F781B /* Montserrat-ExtraBold.ttf */; };
		26D6FBC22C704780007F781B /* Montserrat-ExtraBoldItalic.ttf in Resources */ = {isa = PBXBuildFile; fileRef = 26D6FBAA2C704780007F781B /* Montserrat-ExtraBoldItalic.ttf */; };
		26D6FBC32C704780007F781B /* Montserrat-ExtraLight.ttf in Resources */ = {isa = PBXBuildFile; fileRef = 26D6FBAB2C704780007F781B /* Montserrat-ExtraLight.ttf */; };
		26D6FBC52C704780007F781B /* Montserrat-Italic.ttf in Resources */ = {isa = PBXBuildFile; fileRef = 26D6FBAD2C704780007F781B /* Montserrat-Italic.ttf */; };
		26D6FBC62C704780007F781B /* Montserrat-Light.ttf in Resources */ = {isa = PBXBuildFile; fileRef = 26D6FBAE2C704780007F781B /* Montserrat-Light.ttf */; };
		26D6FBC82C704780007F781B /* Montserrat-Medium.ttf in Resources */ = {isa = PBXBuildFile; fileRef = 26D6FBB02C704780007F781B /* Montserrat-Medium.ttf */; };
		26D6FBCA2C704780007F781B /* Montserrat-Regular.ttf in Resources */ = {isa = PBXBuildFile; fileRef = 26D6FBB22C704780007F781B /* Montserrat-Regular.ttf */; };
		26D6FBCB2C704780007F781B /* Montserrat-SemiBold.ttf in Resources */ = {isa = PBXBuildFile; fileRef = 26D6FBB32C704780007F781B /* Montserrat-SemiBold.ttf */; };
		26D6FBCD2C704780007F781B /* Montserrat-Thin.ttf in Resources */ = {isa = PBXBuildFile; fileRef = 26D6FBB52C704780007F781B /* Montserrat-Thin.ttf */; };
		26D6FBD12C704780007F781B /* OFL.txt in Resources */ = {isa = PBXBuildFile; fileRef = 26D6FBBA2C704780007F781B /* OFL.txt */; };
		26D6FBD22C704780007F781B /* README.txt in Resources */ = {isa = PBXBuildFile; fileRef = 26D6FBBB2C704780007F781B /* README.txt */; };
		26DEDF572CB81126006632B0 /* ExerciseCategoryDatabaseProtocol.swift in Sources */ = {isa = PBXBuildFile; fileRef = 26DEDF562CB81123006632B0 /* ExerciseCategoryDatabaseProtocol.swift */; };
		26DEDF592CB811C5006632B0 /* FirestoreExerciseCategoryService.swift in Sources */ = {isa = PBXBuildFile; fileRef = 26DEDF582CB811C2006632B0 /* FirestoreExerciseCategoryService.swift */; };
		26E0B00B2C449E9000C29539 /* SignInViewModel.swift in Sources */ = {isa = PBXBuildFile; fileRef = 26E0B00A2C449E9000C29539 /* SignInViewModel.swift */; };
		26E0B00E2C44A65C00C29539 /* README.md in Resources */ = {isa = PBXBuildFile; fileRef = 26E0B00D2C44A65C00C29539 /* README.md */; };
		26E0B0102C44A66E00C29539 /* GoogleService-Info.plist in Resources */ = {isa = PBXBuildFile; fileRef = 26E0B00F2C44A66E00C29539 /* GoogleService-Info.plist */; };
		26E0B0132C44B25A00C29539 /* FirebaseAuth in Frameworks */ = {isa = PBXBuildFile; productRef = 26E0B0122C44B25A00C29539 /* FirebaseAuth */; };
		26E0B0152C44B25A00C29539 /* FirebaseDatabase in Frameworks */ = {isa = PBXBuildFile; productRef = 26E0B0142C44B25A00C29539 /* FirebaseDatabase */; };
		26E0B0172C44B25A00C29539 /* FirebaseFirestore in Frameworks */ = {isa = PBXBuildFile; productRef = 26E0B0162C44B25A00C29539 /* FirebaseFirestore */; };
		26E0B0192C44B25A00C29539 /* FirebaseStorage in Frameworks */ = {isa = PBXBuildFile; productRef = 26E0B0182C44B25A00C29539 /* FirebaseStorage */; };
		26E0B01B2C44B55300C29539 /* AuthService.swift in Sources */ = {isa = PBXBuildFile; fileRef = 26E0B01A2C44B55300C29539 /* AuthService.swift */; };
		26E0B01D2C44B61700C29539 /* RegisterUserRequest.swift in Sources */ = {isa = PBXBuildFile; fileRef = 26E0B01C2C44B61700C29539 /* RegisterUserRequest.swift */; };
		26E0B9EE2C594056002C29B2 /* RegisterCategoryViewController.swift in Sources */ = {isa = PBXBuildFile; fileRef = 26E0B9ED2C594056002C29B2 /* RegisterCategoryViewController.swift */; };
		26E69AE12C4955E300F52FBB /* SignInUserRequest.swift in Sources */ = {isa = PBXBuildFile; fileRef = 26E69AE02C4955E300F52FBB /* SignInUserRequest.swift */; };
		26E69AE32C4976AC00F52FBB /* HomeViewController.swift in Sources */ = {isa = PBXBuildFile; fileRef = 26E69AE22C4976AC00F52FBB /* HomeViewController.swift */; };
		26F0CC552C5BE14A0006EDF3 /* EditCategoryViewController.swift in Sources */ = {isa = PBXBuildFile; fileRef = 26F0CC542C5BE1490006EDF3 /* EditCategoryViewController.swift */; };
		26F9C0772C43720C00F2C4AF /* .gitignore in Resources */ = {isa = PBXBuildFile; fileRef = 26F9C0762C43720C00F2C4AF /* .gitignore */; };
/* End PBXBuildFile section */

/* Begin PBXFileReference section */
		260E60EA2C6853B200C19DDE /* EditExerciceCategoryViewModel.swift */ = {isa = PBXFileReference; lastKnownFileType = sourcecode.swift; path = EditExerciceCategoryViewModel.swift; sourceTree = "<group>"; };
		2615889B2C8F6C7900D05171 /* ExerciseViewRow.xib */ = {isa = PBXFileReference; lastKnownFileType = file.xib; path = ExerciseViewRow.xib; sourceTree = "<group>"; };
		2615889F2C8F762300D05171 /* ExerciseTableViewCell.swift */ = {isa = PBXFileReference; lastKnownFileType = sourcecode.swift; path = ExerciseTableViewCell.swift; sourceTree = "<group>"; };
		2616AB692C435C4D006D4D99 /* SignUpViewController.swift */ = {isa = PBXFileReference; lastKnownFileType = sourcecode.swift; path = SignUpViewController.swift; sourceTree = "<group>"; };
		261F13632C80F7D40075A401 /* UIViewController+CustomTextFields.swift */ = {isa = PBXFileReference; lastKnownFileType = sourcecode.swift; path = "UIViewController+CustomTextFields.swift"; sourceTree = "<group>"; };
		263440622C4B434E00F9726B /* RegisterUserViewModel.swift */ = {isa = PBXFileReference; lastKnownFileType = sourcecode.swift; path = RegisterUserViewModel.swift; sourceTree = "<group>"; };
		263440662C4B4B7600F9726B /* UIViewController+CustomAlerts.swift */ = {isa = PBXFileReference; lastKnownFileType = sourcecode.swift; path = "UIViewController+CustomAlerts.swift"; sourceTree = "<group>"; };
		263669122CB6C87C00D9E64C /* CurrentUserServiceProtocol.swift */ = {isa = PBXFileReference; lastKnownFileType = sourcecode.swift; path = CurrentUserServiceProtocol.swift; sourceTree = "<group>"; };
		263AB5D62C82BCE0008B7716 /* RegisterExerciseViewModel.swift */ = {isa = PBXFileReference; lastKnownFileType = sourcecode.swift; path = RegisterExerciseViewModel.swift; sourceTree = "<group>"; };
		263DDEBD2CB81712008B5916 /* FirestoreDocumentUtil.swift */ = {isa = PBXFileReference; lastKnownFileType = sourcecode.swift; path = FirestoreDocumentUtil.swift; sourceTree = "<group>"; };
		263DDEBF2CB82677008B5916 /* ExerciseDatabaseProtocol.swift */ = {isa = PBXFileReference; lastKnownFileType = sourcecode.swift; path = ExerciseDatabaseProtocol.swift; sourceTree = "<group>"; };
		263DDEC12CB827D6008B5916 /* FirestoreExerciseService.swift */ = {isa = PBXFileReference; lastKnownFileType = sourcecode.swift; path = FirestoreExerciseService.swift; sourceTree = "<group>"; };
		264608692C87540C0085E1AA /* EditExerciseViewController.swift */ = {isa = PBXFileReference; lastKnownFileType = sourcecode.swift; path = EditExerciseViewController.swift; sourceTree = "<group>"; };
		2646086B2C875FA40085E1AA /* EditExerciseViewModel.swift */ = {isa = PBXFileReference; lastKnownFileType = sourcecode.swift; path = EditExerciseViewModel.swift; sourceTree = "<group>"; };
		266324D42C4FF68B006B5096 /* HomeViewModel.swift */ = {isa = PBXFileReference; lastKnownFileType = sourcecode.swift; path = HomeViewModel.swift; sourceTree = "<group>"; };
		269571722C5438040054021B /* HomeService.swift */ = {isa = PBXFileReference; lastKnownFileType = sourcecode.swift; path = HomeService.swift; sourceTree = "<group>"; };
		269571742C543B660054021B /* CategoryExerciseRequest.swift */ = {isa = PBXFileReference; lastKnownFileType = sourcecode.swift; path = CategoryExerciseRequest.swift; sourceTree = "<group>"; };
		26A6349F2C55C66B004D3937 /* ExerciseRequest.swift */ = {isa = PBXFileReference; lastKnownFileType = sourcecode.swift; path = ExerciseRequest.swift; sourceTree = "<group>"; };
		26AF93C02C63BEC200C13F6D /* RegisterTypeCategoryViewModel.swift */ = {isa = PBXFileReference; lastKnownFileType = sourcecode.swift; path = RegisterTypeCategoryViewModel.swift; sourceTree = "<group>"; };
		26B0C6FE2C7F767B005C1FA9 /* RegisterExerciseViewController.swift */ = {isa = PBXFileReference; lastKnownFileType = sourcecode.swift; path = RegisterExerciseViewController.swift; sourceTree = "<group>"; };
		26B1F64E2C6038B10099BF4D /* RegisterTypeCategoryViewController.swift */ = {isa = PBXFileReference; lastKnownFileType = sourcecode.swift; path = RegisterTypeCategoryViewController.swift; sourceTree = "<group>"; };
		26B41E5D2CB9767D00599D20 /* ExerciseCategoryService.swift */ = {isa = PBXFileReference; lastKnownFileType = sourcecode.swift; path = ExerciseCategoryService.swift; sourceTree = "<group>"; };
		26B41E5F2CB97B0300599D20 /* ExerciseCatergoryServiceProtocol.swift */ = {isa = PBXFileReference; lastKnownFileType = sourcecode.swift; path = ExerciseCatergoryServiceProtocol.swift; sourceTree = "<group>"; };
		26B41E612CB97BB700599D20 /* ExerciseService.swift */ = {isa = PBXFileReference; lastKnownFileType = sourcecode.swift; path = ExerciseService.swift; sourceTree = "<group>"; };
		26B41E622CB97BEE00599D20 /* ExerciseServiceProtocol.swift */ = {isa = PBXFileReference; lastKnownFileType = sourcecode.swift; path = ExerciseServiceProtocol.swift; sourceTree = "<group>"; };
		26B54E772CB587F30012476C /* FirebaseUserService.swift */ = {isa = PBXFileReference; lastKnownFileType = sourcecode.swift; path = FirebaseUserService.swift; sourceTree = "<group>"; };
		26B54E792CB58BB50012476C /* ErrorUtils.swift */ = {isa = PBXFileReference; lastKnownFileType = sourcecode.swift; path = ErrorUtils.swift; sourceTree = "<group>"; };
		26BA178A2C41D47F00E682E5 /* gymBro.app */ = {isa = PBXFileReference; explicitFileType = wrapper.application; includeInIndex = 0; path = gymBro.app; sourceTree = BUILT_PRODUCTS_DIR; };
		26BA178D2C41D47F00E682E5 /* AppDelegate.swift */ = {isa = PBXFileReference; lastKnownFileType = sourcecode.swift; path = AppDelegate.swift; sourceTree = "<group>"; };
		26BA178F2C41D47F00E682E5 /* SceneDelegate.swift */ = {isa = PBXFileReference; lastKnownFileType = sourcecode.swift; path = SceneDelegate.swift; sourceTree = "<group>"; };
		26BA17912C41D47F00E682E5 /* ViewController.swift */ = {isa = PBXFileReference; lastKnownFileType = sourcecode.swift; path = ViewController.swift; sourceTree = "<group>"; };
		26BA17942C41D47F00E682E5 /* Base */ = {isa = PBXFileReference; lastKnownFileType = file.storyboard; name = Base; path = Base.lproj/Main.storyboard; sourceTree = "<group>"; };
		26BA17962C41D48000E682E5 /* Assets.xcassets */ = {isa = PBXFileReference; lastKnownFileType = folder.assetcatalog; path = Assets.xcassets; sourceTree = "<group>"; };
		26BA17992C41D48000E682E5 /* Base */ = {isa = PBXFileReference; lastKnownFileType = file.storyboard; name = Base; path = Base.lproj/LaunchScreen.storyboard; sourceTree = "<group>"; };
		26BA179B2C41D48000E682E5 /* Info.plist */ = {isa = PBXFileReference; lastKnownFileType = text.plist.xml; path = Info.plist; sourceTree = "<group>"; };
		26CCB3192C7BF99C002FEA4D /* ExerciseViewModel.swift */ = {isa = PBXFileReference; lastKnownFileType = sourcecode.swift; path = ExerciseViewModel.swift; sourceTree = "<group>"; };
		26CCB31B2C7C00F6002FEA4D /* ExerciseCatergoryService.swift */ = {isa = PBXFileReference; lastKnownFileType = sourcecode.swift; path = ExerciseCatergoryService.swift; sourceTree = "<group>"; };
		26D6FBA52C704780007F781B /* Montserrat-Black.ttf */ = {isa = PBXFileReference; lastKnownFileType = file; path = "Montserrat-Black.ttf"; sourceTree = "<group>"; };
		26D6FBA62C704780007F781B /* Montserrat-BlackItalic.ttf */ = {isa = PBXFileReference; lastKnownFileType = file; path = "Montserrat-BlackItalic.ttf"; sourceTree = "<group>"; };
		26D6FBA72C704780007F781B /* Montserrat-Bold.ttf */ = {isa = PBXFileReference; lastKnownFileType = file; path = "Montserrat-Bold.ttf"; sourceTree = "<group>"; };
		26D6FBA92C704780007F781B /* Montserrat-ExtraBold.ttf */ = {isa = PBXFileReference; lastKnownFileType = file; path = "Montserrat-ExtraBold.ttf"; sourceTree = "<group>"; };
		26D6FBAA2C704780007F781B /* Montserrat-ExtraBoldItalic.ttf */ = {isa = PBXFileReference; lastKnownFileType = file; path = "Montserrat-ExtraBoldItalic.ttf"; sourceTree = "<group>"; };
		26D6FBAB2C704780007F781B /* Montserrat-ExtraLight.ttf */ = {isa = PBXFileReference; lastKnownFileType = file; path = "Montserrat-ExtraLight.ttf"; sourceTree = "<group>"; };
		26D6FBAD2C704780007F781B /* Montserrat-Italic.ttf */ = {isa = PBXFileReference; lastKnownFileType = file; path = "Montserrat-Italic.ttf"; sourceTree = "<group>"; };
		26D6FBAE2C704780007F781B /* Montserrat-Light.ttf */ = {isa = PBXFileReference; lastKnownFileType = file; path = "Montserrat-Light.ttf"; sourceTree = "<group>"; };
		26D6FBB02C704780007F781B /* Montserrat-Medium.ttf */ = {isa = PBXFileReference; lastKnownFileType = file; path = "Montserrat-Medium.ttf"; sourceTree = "<group>"; };
		26D6FBB22C704780007F781B /* Montserrat-Regular.ttf */ = {isa = PBXFileReference; lastKnownFileType = file; path = "Montserrat-Regular.ttf"; sourceTree = "<group>"; };
		26D6FBB32C704780007F781B /* Montserrat-SemiBold.ttf */ = {isa = PBXFileReference; lastKnownFileType = file; path = "Montserrat-SemiBold.ttf"; sourceTree = "<group>"; };
		26D6FBB52C704780007F781B /* Montserrat-Thin.ttf */ = {isa = PBXFileReference; lastKnownFileType = file; path = "Montserrat-Thin.ttf"; sourceTree = "<group>"; };
		26D6FBBA2C704780007F781B /* OFL.txt */ = {isa = PBXFileReference; fileEncoding = 4; lastKnownFileType = text; path = OFL.txt; sourceTree = "<group>"; };
		26D6FBBB2C704780007F781B /* README.txt */ = {isa = PBXFileReference; fileEncoding = 4; lastKnownFileType = text; path = README.txt; sourceTree = "<group>"; };
		26DEDF562CB81123006632B0 /* ExerciseCategoryDatabaseProtocol.swift */ = {isa = PBXFileReference; lastKnownFileType = sourcecode.swift; path = ExerciseCategoryDatabaseProtocol.swift; sourceTree = "<group>"; };
		26DEDF582CB811C2006632B0 /* FirestoreExerciseCategoryService.swift */ = {isa = PBXFileReference; lastKnownFileType = sourcecode.swift; path = FirestoreExerciseCategoryService.swift; sourceTree = "<group>"; };
		26E0B00A2C449E9000C29539 /* SignInViewModel.swift */ = {isa = PBXFileReference; lastKnownFileType = sourcecode.swift; path = SignInViewModel.swift; sourceTree = "<group>"; };
		26E0B00D2C44A65C00C29539 /* README.md */ = {isa = PBXFileReference; lastKnownFileType = net.daringfireball.markdown; path = README.md; sourceTree = "<group>"; };
		26E0B00F2C44A66E00C29539 /* GoogleService-Info.plist */ = {isa = PBXFileReference; fileEncoding = 4; lastKnownFileType = text.plist.xml; name = "GoogleService-Info.plist"; path = "../../../../../../Downloads/GoogleService-Info.plist"; sourceTree = "<group>"; };
		26E0B01A2C44B55300C29539 /* AuthService.swift */ = {isa = PBXFileReference; lastKnownFileType = sourcecode.swift; path = AuthService.swift; sourceTree = "<group>"; };
		26E0B01C2C44B61700C29539 /* RegisterUserRequest.swift */ = {isa = PBXFileReference; lastKnownFileType = sourcecode.swift; path = RegisterUserRequest.swift; sourceTree = "<group>"; };
		26E0B9ED2C594056002C29B2 /* RegisterCategoryViewController.swift */ = {isa = PBXFileReference; lastKnownFileType = sourcecode.swift; path = RegisterCategoryViewController.swift; sourceTree = "<group>"; };
		26E69AE02C4955E300F52FBB /* SignInUserRequest.swift */ = {isa = PBXFileReference; lastKnownFileType = sourcecode.swift; path = SignInUserRequest.swift; sourceTree = "<group>"; };
		26E69AE22C4976AC00F52FBB /* HomeViewController.swift */ = {isa = PBXFileReference; lastKnownFileType = sourcecode.swift; path = HomeViewController.swift; sourceTree = "<group>"; };
		26F0CC542C5BE1490006EDF3 /* EditCategoryViewController.swift */ = {isa = PBXFileReference; lastKnownFileType = sourcecode.swift; path = EditCategoryViewController.swift; sourceTree = "<group>"; };
		26F9C0762C43720C00F2C4AF /* .gitignore */ = {isa = PBXFileReference; lastKnownFileType = text; path = .gitignore; sourceTree = "<group>"; };
/* End PBXFileReference section */

/* Begin PBXFrameworksBuildPhase section */
		26BA17872C41D47F00E682E5 /* Frameworks */ = {
			isa = PBXFrameworksBuildPhase;
			buildActionMask = 2147483647;
			files = (
				26E0B0152C44B25A00C29539 /* FirebaseDatabase in Frameworks */,
				26E0B0192C44B25A00C29539 /* FirebaseStorage in Frameworks */,
				26E0B0132C44B25A00C29539 /* FirebaseAuth in Frameworks */,
				26E0B0172C44B25A00C29539 /* FirebaseFirestore in Frameworks */,
			);
			runOnlyForDeploymentPostprocessing = 0;
		};
/* End PBXFrameworksBuildPhase section */

/* Begin PBXGroup section */
		263440642C4B4B3600F9726B /* Extensions */ = {
			isa = PBXGroup;
			children = (
				263DDEBD2CB81712008B5916 /* FirestoreDocumentUtil.swift */,
				26B54E792CB58BB50012476C /* ErrorUtils.swift */,
				263440662C4B4B7600F9726B /* UIViewController+CustomAlerts.swift */,
				261F13632C80F7D40075A401 /* UIViewController+CustomTextFields.swift */,
			);
			path = Extensions;
			sourceTree = "<group>";
		};
		26BA17812C41D47F00E682E5 = {
			isa = PBXGroup;
			children = (
				26BA178C2C41D47F00E682E5 /* gymBro */,
				26BA178B2C41D47F00E682E5 /* Products */,
			);
			sourceTree = "<group>";
		};
		26BA178B2C41D47F00E682E5 /* Products */ = {
			isa = PBXGroup;
			children = (
				26BA178A2C41D47F00E682E5 /* gymBro.app */,
			);
			name = Products;
			sourceTree = "<group>";
		};
		26BA178C2C41D47F00E682E5 /* gymBro */ = {
			isa = PBXGroup;
			children = (
				263440642C4B4B3600F9726B /* Extensions */,
				26E0B00C2C44A61E00C29539 /* Supporting Files */,
				26E0B0092C449DDF00C29539 /* Services */,
				26E0B0082C449DD400C29539 /* ViewModels */,
				26BA17A22C41D4D900E682E5 /* Model */,
				26BA17A32C41D52500E682E5 /* AppDelegate */,
				26BA17A12C41D4CC00E682E5 /* View */,
				26BA17932C41D47F00E682E5 /* Main.storyboard */,
				26BA17912C41D47F00E682E5 /* ViewController.swift */,
				26BA17962C41D48000E682E5 /* Assets.xcassets */,
				26D6FBBC2C704780007F781B /* Montserrat */,
				26BA17982C41D48000E682E5 /* LaunchScreen.storyboard */,
				26BA179B2C41D48000E682E5 /* Info.plist */,
				26F9C0762C43720C00F2C4AF /* .gitignore */,
			);
			path = gymBro;
			sourceTree = "<group>";
		};
		26BA17A12C41D4CC00E682E5 /* View */ = {
			isa = PBXGroup;
			children = (
				2616AB692C435C4D006D4D99 /* SignUpViewController.swift */,
				26E69AE22C4976AC00F52FBB /* HomeViewController.swift */,
				26E0B9ED2C594056002C29B2 /* RegisterCategoryViewController.swift */,
				26F0CC542C5BE1490006EDF3 /* EditCategoryViewController.swift */,
				26B1F64E2C6038B10099BF4D /* RegisterTypeCategoryViewController.swift */,
				26B0C6FE2C7F767B005C1FA9 /* RegisterExerciseViewController.swift */,
				264608692C87540C0085E1AA /* EditExerciseViewController.swift */,
				2615889B2C8F6C7900D05171 /* ExerciseViewRow.xib */,
				2615889F2C8F762300D05171 /* ExerciseTableViewCell.swift */,
			);
			path = View;
			sourceTree = "<group>";
		};
		26BA17A22C41D4D900E682E5 /* Model */ = {
			isa = PBXGroup;
			children = (
				26E0B01C2C44B61700C29539 /* RegisterUserRequest.swift */,
				26E69AE02C4955E300F52FBB /* SignInUserRequest.swift */,
				269571742C543B660054021B /* CategoryExerciseRequest.swift */,
				26A6349F2C55C66B004D3937 /* ExerciseRequest.swift */,
			);
			path = Model;
			sourceTree = "<group>";
		};
		26BA17A32C41D52500E682E5 /* AppDelegate */ = {
			isa = PBXGroup;
			children = (
				26BA178D2C41D47F00E682E5 /* AppDelegate.swift */,
				26BA178F2C41D47F00E682E5 /* SceneDelegate.swift */,
			);
			path = AppDelegate;
			sourceTree = "<group>";
		};
		26D6FBB72C704780007F781B /* static */ = {
			isa = PBXGroup;
			children = (
				26D6FBA52C704780007F781B /* Montserrat-Black.ttf */,
				26D6FBA62C704780007F781B /* Montserrat-BlackItalic.ttf */,
				26D6FBA72C704780007F781B /* Montserrat-Bold.ttf */,
				26D6FBA92C704780007F781B /* Montserrat-ExtraBold.ttf */,
				26D6FBAA2C704780007F781B /* Montserrat-ExtraBoldItalic.ttf */,
				26D6FBAB2C704780007F781B /* Montserrat-ExtraLight.ttf */,
				26D6FBAD2C704780007F781B /* Montserrat-Italic.ttf */,
				26D6FBAE2C704780007F781B /* Montserrat-Light.ttf */,
				26D6FBB02C704780007F781B /* Montserrat-Medium.ttf */,
				26D6FBB22C704780007F781B /* Montserrat-Regular.ttf */,
				26D6FBB32C704780007F781B /* Montserrat-SemiBold.ttf */,
				26D6FBB52C704780007F781B /* Montserrat-Thin.ttf */,
			);
			path = static;
			sourceTree = "<group>";
		};
		26D6FBBC2C704780007F781B /* Montserrat */ = {
			isa = PBXGroup;
			children = (
				26D6FBB72C704780007F781B /* static */,
				26D6FBBA2C704780007F781B /* OFL.txt */,
				26D6FBBB2C704780007F781B /* README.txt */,
			);
			name = Montserrat;
			path = ../../../../../Downloads/Montserrat;
			sourceTree = "<group>";
		};
		26E0B0082C449DD400C29539 /* ViewModels */ = {
			isa = PBXGroup;
			children = (
				26E0B00A2C449E9000C29539 /* SignInViewModel.swift */,
				263440622C4B434E00F9726B /* RegisterUserViewModel.swift */,
				266324D42C4FF68B006B5096 /* HomeViewModel.swift */,
				26AF93C02C63BEC200C13F6D /* RegisterTypeCategoryViewModel.swift */,
				260E60EA2C6853B200C19DDE /* EditExerciceCategoryViewModel.swift */,
				26CCB3192C7BF99C002FEA4D /* ExerciseViewModel.swift */,
				263AB5D62C82BCE0008B7716 /* RegisterExerciseViewModel.swift */,
				2646086B2C875FA40085E1AA /* EditExerciseViewModel.swift */,
			);
			path = ViewModels;
			sourceTree = "<group>";
		};
		26E0B0092C449DDF00C29539 /* Services */ = {
			isa = PBXGroup;
			children = (
				26B41E622CB97BEE00599D20 /* ExerciseServiceProtocol.swift */,
				26B41E612CB97BB700599D20 /* ExerciseService.swift */,
				26B41E5F2CB97B0300599D20 /* ExerciseCatergoryServiceProtocol.swift */,
				26B41E5D2CB9767D00599D20 /* ExerciseCategoryService.swift */,
				263DDEC12CB827D6008B5916 /* FirestoreExerciseService.swift */,
				263DDEBF2CB82677008B5916 /* ExerciseDatabaseProtocol.swift */,
				26DEDF582CB811C2006632B0 /* FirestoreExerciseCategoryService.swift */,
				26DEDF562CB81123006632B0 /* ExerciseCategoryDatabaseProtocol.swift */,
				263669122CB6C87C00D9E64C /* CurrentUserServiceProtocol.swift */,
				26E0B01A2C44B55300C29539 /* AuthService.swift */,
				269571722C5438040054021B /* HomeService.swift */,
				26CCB31B2C7C00F6002FEA4D /* ExerciseCatergoryService.swift */,
				26B54E772CB587F30012476C /* FirebaseUserService.swift */,
			);
			path = Services;
			sourceTree = "<group>";
		};
		26E0B00C2C44A61E00C29539 /* Supporting Files */ = {
			isa = PBXGroup;
			children = (
				26E0B00D2C44A65C00C29539 /* README.md */,
				26E0B00F2C44A66E00C29539 /* GoogleService-Info.plist */,
			);
			path = "Supporting Files";
			sourceTree = "<group>";
		};
/* End PBXGroup section */

/* Begin PBXNativeTarget section */
		26BA17892C41D47F00E682E5 /* gymBro */ = {
			isa = PBXNativeTarget;
			buildConfigurationList = 26BA179E2C41D48000E682E5 /* Build configuration list for PBXNativeTarget "gymBro" */;
			buildPhases = (
				26BA17862C41D47F00E682E5 /* Sources */,
				26BA17872C41D47F00E682E5 /* Frameworks */,
				26BA17882C41D47F00E682E5 /* Resources */,
			);
			buildRules = (
			);
			dependencies = (
			);
			name = gymBro;
			packageProductDependencies = (
				26E0B0122C44B25A00C29539 /* FirebaseAuth */,
				26E0B0142C44B25A00C29539 /* FirebaseDatabase */,
				26E0B0162C44B25A00C29539 /* FirebaseFirestore */,
				26E0B0182C44B25A00C29539 /* FirebaseStorage */,
			);
			productName = gymBro;
			productReference = 26BA178A2C41D47F00E682E5 /* gymBro.app */;
			productType = "com.apple.product-type.application";
		};
/* End PBXNativeTarget section */

/* Begin PBXProject section */
		26BA17822C41D47F00E682E5 /* Project object */ = {
			isa = PBXProject;
			attributes = {
				BuildIndependentTargetsInParallel = 1;
				LastSwiftUpdateCheck = 1540;
				LastUpgradeCheck = 1540;
				TargetAttributes = {
					26BA17892C41D47F00E682E5 = {
						CreatedOnToolsVersion = 15.4;
					};
				};
			};
			buildConfigurationList = 26BA17852C41D47F00E682E5 /* Build configuration list for PBXProject "gymBro" */;
			compatibilityVersion = "Xcode 14.0";
			developmentRegion = en;
			hasScannedForEncodings = 0;
			knownRegions = (
				en,
				Base,
			);
			mainGroup = 26BA17812C41D47F00E682E5;
			packageReferences = (
				26E0B0112C44B25A00C29539 /* XCRemoteSwiftPackageReference "firebase-ios-sdk" */,
			);
			productRefGroup = 26BA178B2C41D47F00E682E5 /* Products */;
			projectDirPath = "";
			projectRoot = "";
			targets = (
				26BA17892C41D47F00E682E5 /* gymBro */,
			);
		};
/* End PBXProject section */

/* Begin PBXResourcesBuildPhase section */
		26BA17882C41D47F00E682E5 /* Resources */ = {
			isa = PBXResourcesBuildPhase;
			buildActionMask = 2147483647;
			files = (
				26D6FBBF2C704780007F781B /* Montserrat-Bold.ttf in Resources */,
				26D6FBC12C704780007F781B /* Montserrat-ExtraBold.ttf in Resources */,
				26D6FBC62C704780007F781B /* Montserrat-Light.ttf in Resources */,
				26D6FBC52C704780007F781B /* Montserrat-Italic.ttf in Resources */,
				26D6FBBE2C704780007F781B /* Montserrat-BlackItalic.ttf in Resources */,
				26D6FBC32C704780007F781B /* Montserrat-ExtraLight.ttf in Resources */,
				2615889C2C8F6C7A00D05171 /* ExerciseViewRow.xib in Resources */,
				26D6FBCA2C704780007F781B /* Montserrat-Regular.ttf in Resources */,
				26D6FBC82C704780007F781B /* Montserrat-Medium.ttf in Resources */,
				26D6FBD22C704780007F781B /* README.txt in Resources */,
				26D6FBCB2C704780007F781B /* Montserrat-SemiBold.ttf in Resources */,
				26D6FBD12C704780007F781B /* OFL.txt in Resources */,
				26D6FBBD2C704780007F781B /* Montserrat-Black.ttf in Resources */,
				26F9C0772C43720C00F2C4AF /* .gitignore in Resources */,
				26BA17972C41D48000E682E5 /* Assets.xcassets in Resources */,
				26E0B00E2C44A65C00C29539 /* README.md in Resources */,
				26BA179A2C41D48000E682E5 /* Base in Resources */,
				26BA17952C41D47F00E682E5 /* Base in Resources */,
				26E0B0102C44A66E00C29539 /* GoogleService-Info.plist in Resources */,
				26D6FBCD2C704780007F781B /* Montserrat-Thin.ttf in Resources */,
				26D6FBC22C704780007F781B /* Montserrat-ExtraBoldItalic.ttf in Resources */,
			);
			runOnlyForDeploymentPostprocessing = 0;
		};
/* End PBXResourcesBuildPhase section */

/* Begin PBXSourcesBuildPhase section */
		26BA17862C41D47F00E682E5 /* Sources */ = {
			isa = PBXSourcesBuildPhase;
			buildActionMask = 2147483647;
			files = (
				26BA17922C41D47F00E682E5 /* ViewController.swift in Sources */,
				26E0B9EE2C594056002C29B2 /* RegisterCategoryViewController.swift in Sources */,
				263440672C4B4B7600F9726B /* UIViewController+CustomAlerts.swift in Sources */,
				263DDEC02CB82681008B5916 /* ExerciseDatabaseProtocol.swift in Sources */,
				26BA178E2C41D47F00E682E5 /* AppDelegate.swift in Sources */,
				26B41E5E2CB9767E00599D20 /* ExerciseCategoryService.swift in Sources */,
				26AF93C12C63BEC200C13F6D /* RegisterTypeCategoryViewModel.swift in Sources */,
				2616AB6A2C435C4D006D4D99 /* SignUpViewController.swift in Sources */,
				26E0B01B2C44B55300C29539 /* AuthService.swift in Sources */,
				26A634A02C55C66B004D3937 /* ExerciseRequest.swift in Sources */,
				26BA17902C41D47F00E682E5 /* SceneDelegate.swift in Sources */,
				261F13642C80F7D40075A401 /* UIViewController+CustomTextFields.swift in Sources */,
				263440632C4B434E00F9726B /* RegisterUserViewModel.swift in Sources */,
				266324D52C4FF68B006B5096 /* HomeViewModel.swift in Sources */,
				26B41E602CB97B1100599D20 /* ExerciseCatergoryServiceProtocol.swift in Sources */,
				269571732C5438040054021B /* HomeService.swift in Sources */,
				26CCB31A2C7BF99C002FEA4D /* ExerciseViewModel.swift in Sources */,
				26E69AE32C4976AC00F52FBB /* HomeViewController.swift in Sources */,
				26E0B00B2C449E9000C29539 /* SignInViewModel.swift in Sources */,
				26B0C6FF2C7F767B005C1FA9 /* RegisterExerciseViewController.swift in Sources */,
				261588A02C8F762300D05171 /* ExerciseTableViewCell.swift in Sources */,
				260E60EB2C6853B200C19DDE /* EditExerciceCategoryViewModel.swift in Sources */,
				269571752C543B660054021B /* CategoryExerciseRequest.swift in Sources */,
				263DDEC22CB827E3008B5916 /* FirestoreExerciseService.swift in Sources */,
				263AB5D72C82BCE0008B7716 /* RegisterExerciseViewModel.swift in Sources */,
				2646086C2C875FA40085E1AA /* EditExerciseViewModel.swift in Sources */,
				263669132CB6C88400D9E64C /* CurrentUserServiceProtocol.swift in Sources */,
				26B54E7A2CB58BBD0012476C /* ErrorUtils.swift in Sources */,
				2646086A2C87540C0085E1AA /* EditExerciseViewController.swift in Sources */,
				26DEDF592CB811C5006632B0 /* FirestoreExerciseCategoryService.swift in Sources */,
				263DDEBE2CB8171C008B5916 /* FirestoreDocumentUtil.swift in Sources */,
				26CCB31C2C7C00F6002FEA4D /* ExerciseCatergoryService.swift in Sources */,
				26E0B01D2C44B61700C29539 /* RegisterUserRequest.swift in Sources */,
				26B54E782CB588020012476C /* FirebaseUserService.swift in Sources */,
				26DEDF572CB81126006632B0 /* ExerciseCategoryDatabaseProtocol.swift in Sources */,
				26B1F64F2C6038B10099BF4D /* RegisterTypeCategoryViewController.swift in Sources */,
				26F0CC552C5BE14A0006EDF3 /* EditCategoryViewController.swift in Sources */,
				26B41E632CB97BF600599D20 /* ExerciseServiceProtocol.swift in Sources */,
				26E69AE12C4955E300F52FBB /* SignInUserRequest.swift in Sources */,
			);
			runOnlyForDeploymentPostprocessing = 0;
		};
/* End PBXSourcesBuildPhase section */

/* Begin PBXVariantGroup section */
		26BA17932C41D47F00E682E5 /* Main.storyboard */ = {
			isa = PBXVariantGroup;
			children = (
				26BA17942C41D47F00E682E5 /* Base */,
			);
			name = Main.storyboard;
			sourceTree = "<group>";
		};
		26BA17982C41D48000E682E5 /* LaunchScreen.storyboard */ = {
			isa = PBXVariantGroup;
			children = (
				26BA17992C41D48000E682E5 /* Base */,
			);
			name = LaunchScreen.storyboard;
			sourceTree = "<group>";
		};
/* End PBXVariantGroup section */

/* Begin XCBuildConfiguration section */
		26BA179C2C41D48000E682E5 /* Debug */ = {
			isa = XCBuildConfiguration;
			buildSettings = {
				ALWAYS_SEARCH_USER_PATHS = NO;
				ASSETCATALOG_COMPILER_GENERATE_SWIFT_ASSET_SYMBOL_EXTENSIONS = YES;
				CLANG_ANALYZER_NONNULL = YES;
				CLANG_ANALYZER_NUMBER_OBJECT_CONVERSION = YES_AGGRESSIVE;
				CLANG_CXX_LANGUAGE_STANDARD = "gnu++20";
				CLANG_ENABLE_MODULES = YES;
				CLANG_ENABLE_OBJC_ARC = YES;
				CLANG_ENABLE_OBJC_WEAK = YES;
				CLANG_WARN_BLOCK_CAPTURE_AUTORELEASING = YES;
				CLANG_WARN_BOOL_CONVERSION = YES;
				CLANG_WARN_COMMA = YES;
				CLANG_WARN_CONSTANT_CONVERSION = YES;
				CLANG_WARN_DEPRECATED_OBJC_IMPLEMENTATIONS = YES;
				CLANG_WARN_DIRECT_OBJC_ISA_USAGE = YES_ERROR;
				CLANG_WARN_DOCUMENTATION_COMMENTS = YES;
				CLANG_WARN_EMPTY_BODY = YES;
				CLANG_WARN_ENUM_CONVERSION = YES;
				CLANG_WARN_INFINITE_RECURSION = YES;
				CLANG_WARN_INT_CONVERSION = YES;
				CLANG_WARN_NON_LITERAL_NULL_CONVERSION = YES;
				CLANG_WARN_OBJC_IMPLICIT_RETAIN_SELF = YES;
				CLANG_WARN_OBJC_LITERAL_CONVERSION = YES;
				CLANG_WARN_OBJC_ROOT_CLASS = YES_ERROR;
				CLANG_WARN_QUOTED_INCLUDE_IN_FRAMEWORK_HEADER = YES;
				CLANG_WARN_RANGE_LOOP_ANALYSIS = YES;
				CLANG_WARN_STRICT_PROTOTYPES = YES;
				CLANG_WARN_SUSPICIOUS_MOVE = YES;
				CLANG_WARN_UNGUARDED_AVAILABILITY = YES_AGGRESSIVE;
				CLANG_WARN_UNREACHABLE_CODE = YES;
				CLANG_WARN__DUPLICATE_METHOD_MATCH = YES;
				COPY_PHASE_STRIP = NO;
				DEBUG_INFORMATION_FORMAT = dwarf;
				ENABLE_STRICT_OBJC_MSGSEND = YES;
				ENABLE_TESTABILITY = YES;
				ENABLE_USER_SCRIPT_SANDBOXING = YES;
				GCC_C_LANGUAGE_STANDARD = gnu17;
				GCC_DYNAMIC_NO_PIC = NO;
				GCC_NO_COMMON_BLOCKS = YES;
				GCC_OPTIMIZATION_LEVEL = 0;
				GCC_PREPROCESSOR_DEFINITIONS = (
					"DEBUG=1",
					"$(inherited)",
				);
				GCC_WARN_64_TO_32_BIT_CONVERSION = YES;
				GCC_WARN_ABOUT_RETURN_TYPE = YES_ERROR;
				GCC_WARN_UNDECLARED_SELECTOR = YES;
				GCC_WARN_UNINITIALIZED_AUTOS = YES_AGGRESSIVE;
				GCC_WARN_UNUSED_FUNCTION = YES;
				GCC_WARN_UNUSED_VARIABLE = YES;
				IPHONEOS_DEPLOYMENT_TARGET = 17.5;
				LOCALIZATION_PREFERS_STRING_CATALOGS = YES;
				MTL_ENABLE_DEBUG_INFO = INCLUDE_SOURCE;
				MTL_FAST_MATH = YES;
				ONLY_ACTIVE_ARCH = YES;
				SDKROOT = iphoneos;
				SWIFT_ACTIVE_COMPILATION_CONDITIONS = "DEBUG $(inherited)";
				SWIFT_OPTIMIZATION_LEVEL = "-Onone";
			};
			name = Debug;
		};
		26BA179D2C41D48000E682E5 /* Release */ = {
			isa = XCBuildConfiguration;
			buildSettings = {
				ALWAYS_SEARCH_USER_PATHS = NO;
				ASSETCATALOG_COMPILER_GENERATE_SWIFT_ASSET_SYMBOL_EXTENSIONS = YES;
				CLANG_ANALYZER_NONNULL = YES;
				CLANG_ANALYZER_NUMBER_OBJECT_CONVERSION = YES_AGGRESSIVE;
				CLANG_CXX_LANGUAGE_STANDARD = "gnu++20";
				CLANG_ENABLE_MODULES = YES;
				CLANG_ENABLE_OBJC_ARC = YES;
				CLANG_ENABLE_OBJC_WEAK = YES;
				CLANG_WARN_BLOCK_CAPTURE_AUTORELEASING = YES;
				CLANG_WARN_BOOL_CONVERSION = YES;
				CLANG_WARN_COMMA = YES;
				CLANG_WARN_CONSTANT_CONVERSION = YES;
				CLANG_WARN_DEPRECATED_OBJC_IMPLEMENTATIONS = YES;
				CLANG_WARN_DIRECT_OBJC_ISA_USAGE = YES_ERROR;
				CLANG_WARN_DOCUMENTATION_COMMENTS = YES;
				CLANG_WARN_EMPTY_BODY = YES;
				CLANG_WARN_ENUM_CONVERSION = YES;
				CLANG_WARN_INFINITE_RECURSION = YES;
				CLANG_WARN_INT_CONVERSION = YES;
				CLANG_WARN_NON_LITERAL_NULL_CONVERSION = YES;
				CLANG_WARN_OBJC_IMPLICIT_RETAIN_SELF = YES;
				CLANG_WARN_OBJC_LITERAL_CONVERSION = YES;
				CLANG_WARN_OBJC_ROOT_CLASS = YES_ERROR;
				CLANG_WARN_QUOTED_INCLUDE_IN_FRAMEWORK_HEADER = YES;
				CLANG_WARN_RANGE_LOOP_ANALYSIS = YES;
				CLANG_WARN_STRICT_PROTOTYPES = YES;
				CLANG_WARN_SUSPICIOUS_MOVE = YES;
				CLANG_WARN_UNGUARDED_AVAILABILITY = YES_AGGRESSIVE;
				CLANG_WARN_UNREACHABLE_CODE = YES;
				CLANG_WARN__DUPLICATE_METHOD_MATCH = YES;
				COPY_PHASE_STRIP = NO;
				DEBUG_INFORMATION_FORMAT = "dwarf-with-dsym";
				ENABLE_NS_ASSERTIONS = NO;
				ENABLE_STRICT_OBJC_MSGSEND = YES;
				ENABLE_USER_SCRIPT_SANDBOXING = YES;
				GCC_C_LANGUAGE_STANDARD = gnu17;
				GCC_NO_COMMON_BLOCKS = YES;
				GCC_WARN_64_TO_32_BIT_CONVERSION = YES;
				GCC_WARN_ABOUT_RETURN_TYPE = YES_ERROR;
				GCC_WARN_UNDECLARED_SELECTOR = YES;
				GCC_WARN_UNINITIALIZED_AUTOS = YES_AGGRESSIVE;
				GCC_WARN_UNUSED_FUNCTION = YES;
				GCC_WARN_UNUSED_VARIABLE = YES;
				IPHONEOS_DEPLOYMENT_TARGET = 17.5;
				LOCALIZATION_PREFERS_STRING_CATALOGS = YES;
				MTL_ENABLE_DEBUG_INFO = NO;
				MTL_FAST_MATH = YES;
				SDKROOT = iphoneos;
				SWIFT_COMPILATION_MODE = wholemodule;
				VALIDATE_PRODUCT = YES;
			};
			name = Release;
		};
		26BA179F2C41D48000E682E5 /* Debug */ = {
			isa = XCBuildConfiguration;
			buildSettings = {
				ASSETCATALOG_COMPILER_APPICON_NAME = AppIcon;
				ASSETCATALOG_COMPILER_GLOBAL_ACCENT_COLOR_NAME = AccentColor;
				CODE_SIGN_STYLE = Automatic;
				CURRENT_PROJECT_VERSION = 1;
				DEVELOPMENT_TEAM = F4F789S766;
				GENERATE_INFOPLIST_FILE = YES;
				INFOPLIST_FILE = gymBro/Info.plist;
				INFOPLIST_KEY_CFBundleDisplayName = "Gym Bro";
				INFOPLIST_KEY_UIApplicationSupportsIndirectInputEvents = YES;
				INFOPLIST_KEY_UILaunchStoryboardName = LaunchScreen;
				INFOPLIST_KEY_UIMainStoryboardFile = Main;
				INFOPLIST_KEY_UISupportedInterfaceOrientations_iPad = "UIInterfaceOrientationPortrait UIInterfaceOrientationPortraitUpsideDown UIInterfaceOrientationLandscapeLeft UIInterfaceOrientationLandscapeRight";
				INFOPLIST_KEY_UISupportedInterfaceOrientations_iPhone = "UIInterfaceOrientationPortrait UIInterfaceOrientationLandscapeLeft UIInterfaceOrientationLandscapeRight";
				IPHONEOS_DEPLOYMENT_TARGET = 16.0;
				LD_RUNPATH_SEARCH_PATHS = (
					"$(inherited)",
					"@executable_path/Frameworks",
				);
				MARKETING_VERSION = 1.0;
				PRODUCT_BUNDLE_IDENTIFIER = aduartee.gymBro;
				PRODUCT_NAME = "$(TARGET_NAME)";
				SUPPORTED_PLATFORMS = "iphoneos iphonesimulator";
				SUPPORTS_MACCATALYST = NO;
				SUPPORTS_MAC_DESIGNED_FOR_IPHONE_IPAD = NO;
				SUPPORTS_XR_DESIGNED_FOR_IPHONE_IPAD = NO;
				SWIFT_EMIT_LOC_STRINGS = YES;
				SWIFT_VERSION = 5.0;
				TARGETED_DEVICE_FAMILY = "1,2";
			};
			name = Debug;
		};
		26BA17A02C41D48000E682E5 /* Release */ = {
			isa = XCBuildConfiguration;
			buildSettings = {
				ASSETCATALOG_COMPILER_APPICON_NAME = AppIcon;
				ASSETCATALOG_COMPILER_GLOBAL_ACCENT_COLOR_NAME = AccentColor;
				CODE_SIGN_STYLE = Automatic;
				CURRENT_PROJECT_VERSION = 1;
				DEVELOPMENT_TEAM = F4F789S766;
				GENERATE_INFOPLIST_FILE = YES;
				INFOPLIST_FILE = gymBro/Info.plist;
				INFOPLIST_KEY_CFBundleDisplayName = "Gym Bro";
				INFOPLIST_KEY_UIApplicationSupportsIndirectInputEvents = YES;
				INFOPLIST_KEY_UILaunchStoryboardName = LaunchScreen;
				INFOPLIST_KEY_UIMainStoryboardFile = Main;
				INFOPLIST_KEY_UISupportedInterfaceOrientations_iPad = "UIInterfaceOrientationPortrait UIInterfaceOrientationPortraitUpsideDown UIInterfaceOrientationLandscapeLeft UIInterfaceOrientationLandscapeRight";
				INFOPLIST_KEY_UISupportedInterfaceOrientations_iPhone = "UIInterfaceOrientationPortrait UIInterfaceOrientationLandscapeLeft UIInterfaceOrientationLandscapeRight";
				IPHONEOS_DEPLOYMENT_TARGET = 16.0;
				LD_RUNPATH_SEARCH_PATHS = (
					"$(inherited)",
					"@executable_path/Frameworks",
				);
				MARKETING_VERSION = 1.0;
				PRODUCT_BUNDLE_IDENTIFIER = aduartee.gymBro;
				PRODUCT_NAME = "$(TARGET_NAME)";
				SUPPORTED_PLATFORMS = "iphoneos iphonesimulator";
				SUPPORTS_MACCATALYST = NO;
				SUPPORTS_MAC_DESIGNED_FOR_IPHONE_IPAD = NO;
				SUPPORTS_XR_DESIGNED_FOR_IPHONE_IPAD = NO;
				SWIFT_EMIT_LOC_STRINGS = YES;
				SWIFT_VERSION = 5.0;
				TARGETED_DEVICE_FAMILY = "1,2";
			};
			name = Release;
		};
/* End XCBuildConfiguration section */

/* Begin XCConfigurationList section */
		26BA17852C41D47F00E682E5 /* Build configuration list for PBXProject "gymBro" */ = {
			isa = XCConfigurationList;
			buildConfigurations = (
				26BA179C2C41D48000E682E5 /* Debug */,
				26BA179D2C41D48000E682E5 /* Release */,
			);
			defaultConfigurationIsVisible = 0;
			defaultConfigurationName = Release;
		};
		26BA179E2C41D48000E682E5 /* Build configuration list for PBXNativeTarget "gymBro" */ = {
			isa = XCConfigurationList;
			buildConfigurations = (
				26BA179F2C41D48000E682E5 /* Debug */,
				26BA17A02C41D48000E682E5 /* Release */,
			);
			defaultConfigurationIsVisible = 0;
			defaultConfigurationName = Release;
		};
/* End XCConfigurationList section */

/* Begin XCRemoteSwiftPackageReference section */
		26E0B0112C44B25A00C29539 /* XCRemoteSwiftPackageReference "firebase-ios-sdk" */ = {
			isa = XCRemoteSwiftPackageReference;
			repositoryURL = "https://github.com/firebase/firebase-ios-sdk";
			requirement = {
				kind = upToNextMajorVersion;
				minimumVersion = 10.29.0;
			};
		};
/* End XCRemoteSwiftPackageReference section */

/* Begin XCSwiftPackageProductDependency section */
		26E0B0122C44B25A00C29539 /* FirebaseAuth */ = {
			isa = XCSwiftPackageProductDependency;
			package = 26E0B0112C44B25A00C29539 /* XCRemoteSwiftPackageReference "firebase-ios-sdk" */;
			productName = FirebaseAuth;
		};
		26E0B0142C44B25A00C29539 /* FirebaseDatabase */ = {
			isa = XCSwiftPackageProductDependency;
			package = 26E0B0112C44B25A00C29539 /* XCRemoteSwiftPackageReference "firebase-ios-sdk" */;
			productName = FirebaseDatabase;
		};
		26E0B0162C44B25A00C29539 /* FirebaseFirestore */ = {
			isa = XCSwiftPackageProductDependency;
			package = 26E0B0112C44B25A00C29539 /* XCRemoteSwiftPackageReference "firebase-ios-sdk" */;
			productName = FirebaseFirestore;
		};
		26E0B0182C44B25A00C29539 /* FirebaseStorage */ = {
			isa = XCSwiftPackageProductDependency;
			package = 26E0B0112C44B25A00C29539 /* XCRemoteSwiftPackageReference "firebase-ios-sdk" */;
			productName = FirebaseStorage;
		};
/* End XCSwiftPackageProductDependency section */
	};
	rootObject = 26BA17822C41D47F00E682E5 /* Project object */;
}
